<Solution>
  <Configurations>
    <BuildType Name="Alpha" />
    <BuildType Name="Debug" />
    <BuildType Name="Release" />
    <Platform Name="arm64" />
    <Platform Name="x64" />
  </Configurations>
  <Folder Name="/Clients/">
    <Project Path="src/Clients/Zarem.Console/Zarem.Console.csproj">
      <BuildType Solution="Alpha|*" Project="Release" />
    </Project>
  </Folder>
  <Folder Name="/Clients/IDE/">
    <Project Path="src/Clients/Zarem.IDE.Shared/Zarem.IDE.Shared.shproj" Id="d6e0cea0-101e-44ea-b842-6a32433cbac0" />
    <Project Path="src/Clients/Zarem.IDE.ViewModels/Zarem.IDE.ViewModels.csproj" />
  </Folder>
  <Folder Name="/Clients/IDE/Heads/">
    <Project Path="src/Clients/Zarem.IDE.Uno/Zarem.IDE.Uno.Server/Zarem.IDE.Uno.Server.csproj">
      <BuildType Solution="Alpha|*" Project="Debug" />
    </Project>
    <Project Path="src/Clients/Zarem.IDE.Uno/Zarem.IDE.Uno/Zarem.IDE.Uno.csproj">
      <BuildType Solution="Alpha|*" Project="Debug" />
    </Project>
    <Project Path="src/Clients/Zarem.IDE.WinUI/Zarem.IDE.WinUI.csproj">
      <Platform Solution="*|arm64" Project="ARM64" />
      <Platform Solution="*|x64" Project="x64" />
      <Deploy />
    </Project>
  </Folder>
  <Folder Name="/Plugins/" />
  <Folder Name="/Plugins/Archs/" />
  <Folder Name="/Plugins/Archs/Mips/">
    <Project Path="src/Archs/Mips/Zarem.Assembler.Mips/Zarem.Assembler.Mips.csproj">
      <BuildType Solution="Alpha|*" Project="Release" />
    </Project>
    <Project Path="src/Archs/Mips/Zarem.Debugger.Mips/Zarem.Debugger.Mips.csproj" Id="7c2da9e5-f431-458d-880a-1b1a91b0a498">
      <BuildType Solution="Alpha|*" Project="Debug" />
    </Project>
    <Project Path="src/Archs/Mips/Zarem.Disassembler.Mips/Zarem.Disassembler.Mips.csproj">
      <BuildType Solution="Alpha|*" Project="Release" />
    </Project>
    <Project Path="src/Archs/Mips/Zarem.Emulator.Mips/Zarem.Emulator.Mips.csproj">
      <BuildType Solution="Alpha|*" Project="Release" />
    </Project>
    <Project Path="src/Archs/Mips/Zarem.Linker.Mips/Zarem.Linker.Mips.csproj" Id="024c439e-9ffc-44ee-aa70-737b7f9c2a23">
      <BuildType Solution="Alpha|*" Project="Release" />
    </Project>
    <Project Path="src/Archs/Mips/Zarem.Mips.Base/Zarem.Mips.Base.csproj">
      <BuildType Solution="Alpha|*" Project="Release" />
    </Project>
    <Project Path="src/Archs/Mips/Zarem.Mips/Zarem.Mips.csproj">
      <BuildType Solution="Alpha|*" Project="Release" />
    </Project>
  </Folder>
  <Folder Name="/Plugins/Archs/RiscV/">
    <Project Path="src/Archs/RiscV/Zarem.Assembler.RiscV/Zarem.Assembler.RiscV.csproj" Id="3d911770-bf60-4cd7-a0ec-e64bf829fe95">
      <BuildType Solution="Alpha|*" Project="Debug" />
    </Project>
    <Project Path="src/Archs/RiscV/Zarem.Debugger.RiscV/Zarem.Debugger.RiscV.csproj" Id="4301033c-3ed8-4702-8592-6856ce15345a">
      <BuildType Solution="Alpha|*" Project="Debug" />
    </Project>
    <Project Path="src/Archs/RiscV/Zarem.Emulator.RiscV/Zarem.Emulator.RiscV.csproj" Id="764aab63-d716-4e2d-807a-134369480fd6">
      <BuildType Solution="Alpha|*" Project="Debug" />
      <Build Solution="Alpha|*" Project="false" />
      <Build Solution="Debug|arm64" Project="false" />
    </Project>
    <Project Path="src/Archs/RiscV/Zarem.Linker.RiscV/Zarem.Linker.RiscV.csproj" Id="9504807e-0cae-4fcd-a062-28480a57d323">
      <BuildType Solution="Alpha|*" Project="Debug" />
    </Project>
    <Project Path="src/Archs/RiscV/Zarem.RiscV.Base/Zarem.RiscV.Base.csproj" Id="32597ba3-5177-4db4-8541-6e800567872d">
      <BuildType Solution="Alpha|*" Project="Debug" />
    </Project>
    <Project Path="src/Archs/RiscV/Zarem.RiscV/Zarem.RiscV.csproj" Id="6297685e-37e2-4e1e-bbfe-14ba5152099f">
      <BuildType Solution="Alpha|*" Project="Debug" />
    </Project>
  </Folder>
  <Folder Name="/Plugins/ModuleFormats/">
    <Project Path="src/ModuleFormats/Zarem.ELF/Zarem.ELF.csproj" DisplayName="Zarem.Elf">
      <BuildType Solution="Alpha|*" Project="Release" />
    </Project>
    <Project Path="src/ModuleFormats/Zarem.RASM/Zarem.RASM.csproj">
      <BuildType Solution="Alpha|*" Project="Debug" />
    </Project>
  </Folder>
  <Folder Name="/Solution Items/">
    <File Path=".editorconfig" />
    <File Path=".gitattributes" />
    <File Path=".gitignore" />
    <File Path=".gitmodules" />
    <File Path="crowdin.yml" />
    <File Path="Directory.Build.props" />
    <File Path="global.json" />
    <File Path="nuget.config" />
    <File Path="README.md" />
    <File Path="UpdateVersion.ps1" />
  </Folder>
  <Folder Name="/Tests/">
    <Project Path="tests/Test.Zarem/Test.Zarem.csproj">
      <BuildType Solution="Alpha|*" Project="Release" />
    </Project>
  </Folder>
  <Folder Name="/Tests/Plugins/" />
  <Folder Name="/Tests/Plugins/Archs/">
    <Project Path="tests/Archs/Test.Archs/Test.Archs.csproj" Id="bf7bf7a4-1a9d-4e5c-888b-c1ce8b8aff6e">
      <BuildType Solution="Alpha|*" Project="Debug" />
    </Project>
  </Folder>
  <Folder Name="/Tests/Plugins/Archs/Mips/">
    <Project Path="tests/Archs/Mips/Test.Assembler.Mips.Live/Test.Assembler.Mips.Live.csproj">
      <BuildType Solution="Alpha|*" Project="Release" />
    </Project>
    <Project Path="tests/Archs/Mips/Test.Mips.Asms/Test.Mips.Asms.vcxitems" Id="f152d20e-aa8a-4d50-9852-0eb0b4a962c4" />
    <Project Path="tests/Archs/Mips/Test.Mips/Test.Mips.csproj">
      <BuildType Solution="Alpha|*" Project="Release" />
    </Project>
  </Folder>
  <Folder Name="/Tests/Plugins/Archs/RiscV/">
    <Project Path="tests/Archs/RiscV/Test.RiscV/Test.RiscV.csproj">
      <BuildType Solution="Alpha|*" Project="Debug" />
    </Project>
  </Folder>
  <Folder Name="/Tests/Plugins/ModuleFormats/">
    <Project Path="tests/ObjFormats/Test.ELF/Test.ELF.csproj" DisplayName="Test.Elf">
      <BuildType Solution="Alpha|*" Project="Release" />
    </Project>
    <Project Path="tests/ObjFormats/Test.Formats/Test.ObjFormats.csproj">
      <BuildType Solution="Alpha|*" Project="Release" />
    </Project>
    <Project Path="tests/ObjFormats/Test.RASM/Test.RASM.csproj">
      <BuildType Solution="Alpha|arm64" Project="Debug" />
      <BuildType Solution="Alpha|x64" Project="Release" />
    </Project>
  </Folder>
  <Project Path="src/Zarem.Assembler/Zarem.Assembler.csproj" Id="a4a13c0e-dc3b-4c0d-aa24-5e7e3c2f5500">
    <BuildType Solution="Alpha|*" Project="Release" />
  </Project>
  <Project Path="src/Zarem.Base/Zarem.Base.csproj">
    <BuildType Solution="Alpha|*" Project="Release" />
  </Project>
  <Project Path="src/Zarem.Debugger/Zarem.Debugger.csproj" Id="2a72c433-6cac-4d50-bf58-4f5f5cb2ba83">
    <BuildType Solution="Alpha|*" Project="Debug" />
  </Project>
  <Project Path="src/Zarem.Disassembler/Zarem.Disassembler.csproj" Id="cfe7fc00-2550-4bc7-aae5-9484270fa566">
    <BuildType Solution="Alpha|*" Project="Release" />
  </Project>
  <Project Path="src/Zarem.Emulator/Zarem.Emulator.csproj" Id="89e90d7f-f7ba-4b83-be1d-16e3c7e8efb0">
    <BuildType Solution="Alpha|*" Project="Release" />
  </Project>
  <Project Path="src/Zarem.Linker/Zarem.Linker.csproj">
    <BuildType Solution="Alpha|*" Project="Release" />
  </Project>
  <Project Path="src/Zarem/Zarem.csproj">
    <BuildType Solution="Alpha|*" Project="Release" />
  </Project>
</Solution>
